// !$*UTF8*$!
{
	archiveVersion = 1;
	classes = {
	};
	objectVersion = 50;
	objects = {

/* Begin PBXBuildFile section */
		A310579E20F023A6000536CC /* AppDelegate.swift in Sources */ = {isa = PBXBuildFile; fileRef = A310579D20F023A6000536CC /* AppDelegate.swift */; };
		A31057A020F023A6000536CC /* ConcentrationViewController.swift in Sources */ = {isa = PBXBuildFile; fileRef = A310579F20F023A6000536CC /* ConcentrationViewController.swift */; };
		A31057A320F023A6000536CC /* Main.storyboard in Resources */ = {isa = PBXBuildFile; fileRef = A31057A120F023A6000536CC /* Main.storyboard */; };
		A31057A520F023A7000536CC /* Assets.xcassets in Resources */ = {isa = PBXBuildFile; fileRef = A31057A420F023A7000536CC /* Assets.xcassets */; };
		A31057A820F023A7000536CC /* LaunchScreen.storyboard in Resources */ = {isa = PBXBuildFile; fileRef = A31057A620F023A7000536CC /* LaunchScreen.storyboard */; };
		A31057B320F023A8000536CC /* ConcentrationTests.swift in Sources */ = {isa = PBXBuildFile; fileRef = A31057B220F023A8000536CC /* ConcentrationTests.swift */; };
		A356294921016647004BA4DA /* ThemeChooserViewController.swift in Sources */ = {isa = PBXBuildFile; fileRef = A356294821016647004BA4DA /* ThemeChooserViewController.swift */; };
		A3F7439C20F2A747000C791E /* Concentration.swift in Sources */ = {isa = PBXBuildFile; fileRef = A3F7439B20F2A747000C791E /* Concentration.swift */; };
		A3F7439E20F2A75D000C791E /* Card.swift in Sources */ = {isa = PBXBuildFile; fileRef = A3F7439D20F2A75D000C791E /* Card.swift */; };
/* End PBXBuildFile section */

/* Begin PBXContainerItemProxy section */
		A31057AF20F023A8000536CC /* PBXContainerItemProxy */ = {
			isa = PBXContainerItemProxy;
			containerPortal = A310579220F023A6000536CC /* Project object */;
			proxyType = 1;
			remoteGlobalIDString = A310579920F023A6000536CC;
			remoteInfo = Concentration;
		};
/* End PBXContainerItemProxy section */

/* Begin PBXFileReference section */
		A310579A20F023A6000536CC /* Concentration.app */ = {isa = PBXFileReference; explicitFileType = wrapper.application; includeInIndex = 0; path = Concentration.app; sourceTree = BUILT_PRODUCTS_DIR; };
		A310579D20F023A6000536CC /* AppDelegate.swift */ = {isa = PBXFileReference; lastKnownFileType = sourcecode.swift; path = AppDelegate.swift; sourceTree = "<group>"; };
		A310579F20F023A6000536CC /* ConcentrationViewController.swift */ = {isa = PBXFileReference; lastKnownFileType = sourcecode.swift; path = ConcentrationViewController.swift; sourceTree = "<group>"; };
		A31057A220F023A6000536CC /* Base */ = {isa = PBXFileReference; lastKnownFileType = file.storyboard; name = Base; path = Base.lproj/Main.storyboard; sourceTree = "<group>"; };
		A31057A420F023A7000536CC /* Assets.xcassets */ = {isa = PBXFileReference; lastKnownFileType = folder.assetcatalog; path = Assets.xcassets; sourceTree = "<group>"; };
		A31057A720F023A7000536CC /* Base */ = {isa = PBXFileReference; lastKnownFileType = file.storyboard; name = Base; path = Base.lproj/LaunchScreen.storyboard; sourceTree = "<group>"; };
		A31057A920F023A7000536CC /* Info.plist */ = {isa = PBXFileReference; lastKnownFileType = text.plist.xml; path = Info.plist; sourceTree = "<group>"; };
		A31057AE20F023A8000536CC /* ConcentrationTests.xctest */ = {isa = PBXFileReference; explicitFileType = wrapper.cfbundle; includeInIndex = 0; path = ConcentrationTests.xctest; sourceTree = BUILT_PRODUCTS_DIR; };
		A31057B220F023A8000536CC /* ConcentrationTests.swift */ = {isa = PBXFileReference; lastKnownFileType = sourcecode.swift; path = ConcentrationTests.swift; sourceTree = "<group>"; };
		A31057B420F023A8000536CC /* Info.plist */ = {isa = PBXFileReference; lastKnownFileType = text.plist.xml; path = Info.plist; sourceTree = "<group>"; };
		A356294821016647004BA4DA /* ThemeChooserViewController.swift */ = {isa = PBXFileReference; lastKnownFileType = sourcecode.swift; path = ThemeChooserViewController.swift; sourceTree = "<group>"; };
		A3F7439B20F2A747000C791E /* Concentration.swift */ = {isa = PBXFileReference; lastKnownFileType = sourcecode.swift; path = Concentration.swift; sourceTree = "<group>"; };
		A3F7439D20F2A75D000C791E /* Card.swift */ = {isa = PBXFileReference; lastKnownFileType = sourcecode.swift; path = Card.swift; sourceTree = "<group>"; };
/* End PBXFileReference section */

/* Begin PBXFrameworksBuildPhase section */
		A310579720F023A6000536CC /* Frameworks */ = {
			isa = PBXFrameworksBuildPhase;
			buildActionMask = 2147483647;
			files = (
			);
			runOnlyForDeploymentPostprocessing = 0;
		};
		A31057AB20F023A8000536CC /* Frameworks */ = {
			isa = PBXFrameworksBuildPhase;
			buildActionMask = 2147483647;
			files = (
			);
			runOnlyForDeploymentPostprocessing = 0;
		};
/* End PBXFrameworksBuildPhase section */

/* Begin PBXGroup section */
		A310579120F023A6000536CC = {
			isa = PBXGroup;
			children = (
				A310579C20F023A6000536CC /* Concentration */,
				A31057B120F023A8000536CC /* ConcentrationTests */,
				A310579B20F023A6000536CC /* Products */,
			);
			sourceTree = "<group>";
		};
		A310579B20F023A6000536CC /* Products */ = {
			isa = PBXGroup;
			children = (
				A310579A20F023A6000536CC /* Concentration.app */,
				A31057AE20F023A8000536CC /* ConcentrationTests.xctest */,
			);
			name = Products;
			sourceTree = "<group>";
		};
		A310579C20F023A6000536CC /* Concentration */ = {
			isa = PBXGroup;
			children = (
				A31057BD20F023B8000536CC /* Supporting Files */,
				A310579F20F023A6000536CC /* ConcentrationViewController.swift */,
				A31057A120F023A6000536CC /* Main.storyboard */,
				A356294821016647004BA4DA /* ThemeChooserViewController.swift */,
				A3F7439B20F2A747000C791E /* Concentration.swift */,
				A3F7439D20F2A75D000C791E /* Card.swift */,
				A31057A920F023A7000536CC /* Info.plist */,
			);
			path = Concentration;
			sourceTree = "<group>";
		};
		A31057B120F023A8000536CC /* ConcentrationTests */ = {
			isa = PBXGroup;
			children = (
				A31057B220F023A8000536CC /* ConcentrationTests.swift */,
				A31057B420F023A8000536CC /* Info.plist */,
			);
			path = ConcentrationTests;
			sourceTree = "<group>";
		};
		A31057BD20F023B8000536CC /* Supporting Files */ = {
			isa = PBXGroup;
			children = (
				A310579D20F023A6000536CC /* AppDelegate.swift */,
				A31057A420F023A7000536CC /* Assets.xcassets */,
				A31057A620F023A7000536CC /* LaunchScreen.storyboard */,
			);
			path = "Supporting Files";
			sourceTree = "<group>";
		};
/* End PBXGroup section */

/* Begin PBXNativeTarget section */
		A310579920F023A6000536CC /* Concentration */ = {
			isa = PBXNativeTarget;
			buildConfigurationList = A31057B720F023A8000536CC /* Build configuration list for PBXNativeTarget "Concentration" */;
			buildPhases = (
				A310579620F023A6000536CC /* Sources */,
				A310579720F023A6000536CC /* Frameworks */,
				A310579820F023A6000536CC /* Resources */,
			);
			buildRules = (
			);
			dependencies = (
			);
			name = Concentration;
			productName = Concentration;
			productReference = A310579A20F023A6000536CC /* Concentration.app */;
			productType = "com.apple.product-type.application";
		};
		A31057AD20F023A8000536CC /* ConcentrationTests */ = {
			isa = PBXNativeTarget;
			buildConfigurationList = A31057BA20F023A8000536CC /* Build configuration list for PBXNativeTarget "ConcentrationTests" */;
			buildPhases = (
				A31057AA20F023A8000536CC /* Sources */,
				A31057AB20F023A8000536CC /* Frameworks */,
				A31057AC20F023A8000536CC /* Resources */,
			);
			buildRules = (
			);
			dependencies = (
				A31057B020F023A8000536CC /* PBXTargetDependency */,
			);
			name = ConcentrationTests;
			productName = ConcentrationTests;
			productReference = A31057AE20F023A8000536CC /* ConcentrationTests.xctest */;
			productType = "com.apple.product-type.bundle.unit-test";
		};
/* End PBXNativeTarget section */

/* Begin PBXProject section */
		A310579220F023A6000536CC /* Project object */ = {
			isa = PBXProject;
			attributes = {
				LastSwiftUpdateCheck = 0940;
				LastUpgradeCheck = 0940;
				ORGANIZATIONNAME = "Luke Yuan";
				TargetAttributes = {
					A310579920F023A6000536CC = {
						CreatedOnToolsVersion = 9.4.1;
					};
					A31057AD20F023A8000536CC = {
						CreatedOnToolsVersion = 9.4.1;
						TestTargetID = A310579920F023A6000536CC;
					};
				};
			};
			buildConfigurationList = A310579520F023A6000536CC /* Build configuration list for PBXProject "Concentration" */;
			compatibilityVersion = "Xcode 9.3";
			developmentRegion = en;
			hasScannedForEncodings = 0;
			knownRegions = (
				en,
				Base,
			);
			mainGroup = A310579120F023A6000536CC;
			productRefGroup = A310579B20F023A6000536CC /* Products */;
			projectDirPath = "";
			projectRoot = "";
			targets = (
				A310579920F023A6000536CC /* Concentration */,
				A31057AD20F023A8000536CC /* ConcentrationTests */,
			);
		};
/* End PBXProject section */

/* Begin PBXResourcesBuildPhase section */
		A310579820F023A6000536CC /* Resources */ = {
			isa = PBXResourcesBuildPhase;
			buildActionMask = 2147483647;
			files = (
				A31057A820F023A7000536CC /* LaunchScreen.storyboard in Resources */,
				A31057A520F023A7000536CC /* Assets.xcassets in Resources */,
				A31057A320F023A6000536CC /* Main.storyboard in Resources */,
			);
			runOnlyForDeploymentPostprocessing = 0;
		};
		A31057AC20F023A8000536CC /* Resources */ = {
			isa = PBXResourcesBuildPhase;
			buildActionMask = 2147483647;
			files = (
			);
			runOnlyForDeploymentPostprocessing = 0;
		};
/* End PBXResourcesBuildPhase section */

/* Begin PBXSourcesBuildPhase section */
		A310579620F023A6000536CC /* Sources */ = {
			isa = PBXSourcesBuildPhase;
			buildActionMask = 2147483647;
			files = (
				A31057A020F023A6000536CC /* ConcentrationViewController.swift in Sources */,
				A310579E20F023A6000536CC /* AppDelegate.swift in Sources */,
				A3F7439C20F2A747000C791E /* Concentration.swift in Sources */,
				A356294921016647004BA4DA /* ThemeChooserViewController.swift in Sources */,
				A3F7439E20F2A75D000C791E /* Card.swift in Sources */,
			);
			runOnlyForDeploymentPostprocessing = 0;
		};
		A31057AA20F023A8000536CC /* Sources */ = {
			isa = PBXSourcesBuildPhase;
			buildActionMask = 2147483647;
			files = (
				A31057B320F023A8000536CC /* ConcentrationTests.swift in Sources */,
			);
			runOnlyForDeploymentPostprocessing = 0;
		};
/* End PBXSourcesBuildPhase section */

/* Begin PBXTargetDependency section */
		A31057B020F023A8000536CC /* PBXTargetDependency */ = {
			isa = PBXTargetDependency;
			target = A310579920F023A6000536CC /* Concentration */;
			targetProxy = A31057AF20F023A8000536CC /* PBXContainerItemProxy */;
		};
/* End PBXTargetDependency section */

/* Begin PBXVariantGroup section */
		A31057A120F023A6000536CC /* Main.storyboard */ = {
			isa = PBXVariantGroup;
			children = (
				A31057A220F023A6000536CC /* Base */,
			);
			name = Main.storyboard;
			sourceTree = "<group>";
		};
		A31057A620F023A7000536CC /* LaunchScreen.storyboard */ = {
			isa = PBXVariantGroup;
			children = (
				A31057A720F023A7000536CC /* Base */,
			);
			name = LaunchScreen.storyboard;
			sourceTree = "<group>";
		};
/* End PBXVariantGroup section */

/* Begin XCBuildConfiguration section */
		A31057B520F023A8000536CC /* Debug */ = {
			isa = XCBuildConfiguration;
			buildSettings = {
				ALWAYS_SEARCH_USER_PATHS = NO;
				CLANG_ANALYZER_NONNULL = YES;
				CLANG_ANALYZER_NUMBER_OBJECT_CONVERSION = YES_AGGRESSIVE;
				CLANG_CXX_LANGUAGE_STANDARD = "gnu++14";
				CLANG_CXX_LIBRARY = "libc++";
				CLANG_ENABLE_MODULES = YES;
				CLANG_ENABLE_OBJC_ARC = YES;
				CLANG_ENABLE_OBJC_WEAK = YES;
				CLANG_WARN_BLOCK_CAPTURE_AUTORELEASING = YES;
				CLANG_WARN_BOOL_CONVERSION = YES;
				CLANG_WARN_COMMA = YES;
				CLANG_WARN_CONSTANT_CONVERSION = YES;
				CLANG_WARN_DEPRECATED_OBJC_IMPLEMENTATIONS = YES;
				CLANG_WARN_DIRECT_OBJC_ISA_USAGE = YES_ERROR;
				CLANG_WARN_DOCUMENTATION_COMMENTS = YES;
				CLANG_WARN_EMPTY_BODY = YES;
				CLANG_WARN_ENUM_CONVERSION = YES;
				CLANG_WARN_INFINITE_RECURSION = YES;
				CLANG_WARN_INT_CONVERSION = YES;
				CLANG_WARN_NON_LITERAL_NULL_CONVERSION = YES;
				CLANG_WARN_OBJC_IMPLICIT_RETAIN_SELF = YES;
				CLANG_WARN_OBJC_LITERAL_CONVERSION = YES;
				CLANG_WARN_OBJC_ROOT_CLASS = YES_ERROR;
				CLANG_WARN_RANGE_LOOP_ANALYSIS = YES;
				CLANG_WARN_STRICT_PROTOTYPES = YES;
				CLANG_WARN_SUSPICIOUS_MOVE = YES;
				CLANG_WARN_UNGUARDED_AVAILABILITY = YES_AGGRESSIVE;
				CLANG_WARN_UNREACHABLE_CODE = YES;
				CLANG_WARN__DUPLICATE_METHOD_MATCH = YES;
				CODE_SIGN_IDENTITY = "iPhone Developer";
				COPY_PHASE_STRIP = NO;
				DEBUG_INFORMATION_FORMAT = dwarf;
				ENABLE_STRICT_OBJC_MSGSEND = YES;
				ENABLE_TESTABILITY = YES;
				GCC_C_LANGUAGE_STANDARD = gnu11;
				GCC_DYNAMIC_NO_PIC = NO;
				GCC_NO_COMMON_BLOCKS = YES;
				GCC_OPTIMIZATION_LEVEL = 0;
				GCC_PREPROCESSOR_DEFINITIONS = (
					"DEBUG=1",
					"$(inherited)",
				);
				GCC_WARN_64_TO_32_BIT_CONVERSION = YES;
				GCC_WARN_ABOUT_RETURN_TYPE = YES_ERROR;
				GCC_WARN_UNDECLARED_SELECTOR = YES;
				GCC_WARN_UNINITIALIZED_AUTOS = YES_AGGRESSIVE;
				GCC_WARN_UNUSED_FUNCTION = YES;
				GCC_WARN_UNUSED_VARIABLE = YES;
				IPHONEOS_DEPLOYMENT_TARGET = 11.4;
				MTL_ENABLE_DEBUG_INFO = YES;
				ONLY_ACTIVE_ARCH = YES;
				SDKROOT = iphoneos;
				SWIFT_ACTIVE_COMPILATION_CONDITIONS = DEBUG;
				SWIFT_OPTIMIZATION_LEVEL = "-Onone";
			};
			name = Debug;
		};
		A31057B620F023A8000536CC /* Release */ = {
			isa = XCBuildConfiguration;
			buildSettings = {
				ALWAYS_SEARCH_USER_PATHS = NO;
				CLANG_ANALYZER_NONNULL = YES;
				CLANG_ANALYZER_NUMBER_OBJECT_CONVERSION = YES_AGGRESSIVE;
				CLANG_CXX_LANGUAGE_STANDARD = "gnu++14";
				CLANG_CXX_LIBRARY = "libc++";
				CLANG_ENABLE_MODULES = YES;
				CLANG_ENABLE_OBJC_ARC = YES;
				CLANG_ENABLE_OBJC_WEAK = YES;
				CLANG_WARN_BLOCK_CAPTURE_AUTORELEASING = YES;
				CLANG_WARN_BOOL_CONVERSION = YES;
				CLANG_WARN_COMMA = YES;
				CLANG_WARN_CONSTANT_CONVERSION = YES;
				CLANG_WARN_DEPRECATED_OBJC_IMPLEMENTATIONS = YES;
				CLANG_WARN_DIRECT_OBJC_ISA_USAGE = YES_ERROR;
				CLANG_WARN_DOCUMENTATION_COMMENTS = YES;
				CLANG_WARN_EMPTY_BODY = YES;
				CLANG_WARN_ENUM_CONVERSION = YES;
				CLANG_WARN_INFINITE_RECURSION = YES;
				CLANG_WARN_INT_CONVERSION = YES;
				CLANG_WARN_NON_LITERAL_NULL_CONVERSION = YES;
				CLANG_WARN_OBJC_IMPLICIT_RETAIN_SELF = YES;
				CLANG_WARN_OBJC_LITERAL_CONVERSION = YES;
				CLANG_WARN_OBJC_ROOT_CLASS = YES_ERROR;
				CLANG_WARN_RANGE_LOOP_ANALYSIS = YES;
				CLANG_WARN_STRICT_PROTOTYPES = YES;
				CLANG_WARN_SUSPICIOUS_MOVE = YES;
				CLANG_WARN_UNGUARDED_AVAILABILITY = YES_AGGRESSIVE;
				CLANG_WARN_UNREACHABLE_CODE = YES;
				CLANG_WARN__DUPLICATE_METHOD_MATCH = YES;
				CODE_SIGN_IDENTITY = "iPhone Developer";
				COPY_PHASE_STRIP = NO;
				DEBUG_INFORMATION_FORMAT = "dwarf-with-dsym";
				ENABLE_NS_ASSERTIONS = NO;
				ENABLE_STRICT_OBJC_MSGSEND = YES;
				GCC_C_LANGUAGE_STANDARD = gnu11;
				GCC_NO_COMMON_BLOCKS = YES;
				GCC_WARN_64_TO_32_BIT_CONVERSION = YES;
				GCC_WARN_ABOUT_RETURN_TYPE = YES_ERROR;
				GCC_WARN_UNDECLARED_SELECTOR = YES;
				GCC_WARN_UNINITIALIZED_AUTOS = YES_AGGRESSIVE;
				GCC_WARN_UNUSED_FUNCTION = YES;
				GCC_WARN_UNUSED_VARIABLE = YES;
				IPHONEOS_DEPLOYMENT_TARGET = 11.4;
				MTL_ENABLE_DEBUG_INFO = NO;
				SDKROOT = iphoneos;
				SWIFT_COMPILATION_MODE = wholemodule;
				SWIFT_OPTIMIZATION_LEVEL = "-O";
				VALIDATE_PRODUCT = YES;
			};
			name = Release;
		};
		A31057B820F023A8000536CC /* Debug */ = {
			isa = XCBuildConfiguration;
			buildSettings = {
				ASSETCATALOG_COMPILER_APPICON_NAME = AppIcon;
				CODE_SIGN_STYLE = Automatic;
				DEVELOPMENT_TEAM = AW5MGD8TQK;
				INFOPLIST_FILE = Concentration/Info.plist;
				LD_RUNPATH_SEARCH_PATHS = (
					"$(inherited)",
					"@executable_path/Frameworks",
				);
				PRODUCT_BUNDLE_IDENTIFIER = com.lukey.Concentration;
				PRODUCT_NAME = "$(TARGET_NAME)";
				SWIFT_VERSION = 4.0;
				TARGETED_DEVICE_FAMILY = "1,2";
			};
			name = Debug;
		};
		A31057B920F023A8000536CC /* Release */ = {
			isa = XCBuildConfiguration;
			buildSettings = {
				ASSETCATALOG_COMPILER_APPICON_NAME = AppIcon;
				CODE_SIGN_STYLE = Automatic;
				DEVELOPMENT_TEAM = AW5MGD8TQK;
				INFOPLIST_FILE = Concentration/Info.plist;
				LD_RUNPATH_SEARCH_PATHS = (
					"$(inherited)",
					"@executable_path/Frameworks",
				);
				PRODUCT_BUNDLE_IDENTIFIER = com.lukey.Concentration;
				PRODUCT_NAME = "$(TARGET_NAME)";
				SWIFT_VERSION = 4.0;
				TARGETED_DEVICE_FAMILY = "1,2";
			};
			name = Release;
		};
		A31057BB20F023A8000536CC /* Debug */ = {
			isa = XCBuildConfiguration;
			buildSettings = {
				ALWAYS_EMBED_SWIFT_STANDARD_LIBRARIES = YES;
				BUNDLE_LOADER = "$(TEST_HOST)";
				CODE_SIGN_STYLE = Automatic;
				DEVELOPMENT_TEAM = AW5MGD8TQK;
				INFOPLIST_FILE = ConcentrationTests/Info.plist;
				LD_RUNPATH_SEARCH_PATHS = (
					"$(inherited)",
					"@executable_path/Frameworks",
					"@loader_path/Frameworks",
				);
				PRODUCT_BUNDLE_IDENTIFIER = com.lukey.ConcentrationTests;
				PRODUCT_NAME = "$(TARGET_NAME)";
				SWIFT_VERSION = 4.0;
				TARGETED_DEVICE_FAMILY = "1,2";
				TEST_HOST = "$(BUILT_PRODUCTS_DIR)/Concentration.app/Concentration";
			};
			name = Debug;
		};
		A31057BC20F023A8000536CC /* Release */ = {
			isa = XCBuildConfiguration;
			buildSettings = {
				ALWAYS_EMBED_SWIFT_STANDARD_LIBRARIES = YES;
				BUNDLE_LOADER = "$(TEST_HOST)";
				CODE_SIGN_STYLE = Automatic;
				DEVELOPMENT_TEAM = AW5MGD8TQK;
				INFOPLIST_FILE = ConcentrationTests/Info.plist;
				LD_RUNPATH_SEARCH_PATHS = (
					"$(inherited)",
					"@executable_path/Frameworks",
					"@loader_path/Frameworks",
				);
				PRODUCT_BUNDLE_IDENTIFIER = com.lukey.ConcentrationTests;
				PRODUCT_NAME = "$(TARGET_NAME)";
				SWIFT_VERSION = 4.0;
				TARGETED_DEVICE_FAMILY = "1,2";
				TEST_HOST = "$(BUILT_PRODUCTS_DIR)/Concentration.app/Concentration";
			};
			name = Release;
		};
/* End XCBuildConfiguration section */

/* Begin XCConfigurationList section */
		A310579520F023A6000536CC /* Build configuration list for PBXProject "Concentration" */ = {
			isa = XCConfigurationList;
			buildConfigurations = (
				A31057B520F023A8000536CC /* Debug */,
				A31057B620F023A8000536CC /* Release */,
			);
			defaultConfigurationIsVisible = 0;
			defaultConfigurationName = Release;
		};
		A31057B720F023A8000536CC /* Build configuration list for PBXNativeTarget "Concentration" */ = {
			isa = XCConfigurationList;
			buildConfigurations = (
				A31057B820F023A8000536CC /* Debug */,
				A31057B920F023A8000536CC /* Release */,
			);
			defaultConfigurationIsVisible = 0;
			defaultConfigurationName = Release;
		};
		A31057BA20F023A8000536CC /* Build configuration list for PBXNativeTarget "ConcentrationTests" */ = {
			isa = XCConfigurationList;
			buildConfigurations = (
				A31057BB20F023A8000536CC /* Debug */,
				A31057BC20F023A8000536CC /* Release */,
			);
			defaultConfigurationIsVisible = 0;
			defaultConfigurationName = Release;
		};
/* End XCConfigurationList section */
	};
	rootObject = A310579220F023A6000536CC /* Project object */;
}
